
Microsoft Visual Studio Solution File, Format Version 12.00
# Visual Studio Version 16
VisualStudioVersion = 16.0.31112.23
MinimumVisualStudioVersion = 10.0.40219.1
Project("{9A19103F-16F7-4668-BE54-9A1E7A4F7556}") = "InsurancePremium", "InsurancePremium.csproj", "{5AF6AB1C-3BAB-437E-91F3-AD4E195B5AFB}"
EndProject
Project("{FAE04EC0-301F-11D3-BF4B-00C04F79EFBC}") = "InsurancePremiumTests", "..\InsurancePremiumTests\InsurancePremiumTests.csproj", "{930D8AB2-0A3F-40AE-B5D2-B7CBED77BB7E}"
EndProject
Global
	GlobalSection(SolutionConfigurationPlatforms) = preSolution
		Debug|Any CPU = Debug|Any CPU
		Release|Any CPU = Release|Any CPU
	EndGlobalSection
	GlobalSection(ProjectConfigurationPlatforms) = postSolution
		{5AF6AB1C-3BAB-437E-91F3-AD4E195B5AFB}.Debug|Any CPU.ActiveCfg = Debug|Any CPU
		{5AF6AB1C-3BAB-437E-91F3-AD4E195B5AFB}.Debug|Any CPU.Build.0 = Debug|Any CPU
		{5AF6AB1C-3BAB-437E-91F3-AD4E195B5AFB}.Release|Any CPU.ActiveCfg = Release|Any CPU
		{5AF6AB1C-3BAB-437E-91F3-AD4E195B5AFB}.Release|Any CPU.Build.0 = Release|Any CPU
		{930D8AB2-0A3F-40AE-B5D2-B7CBED77BB7E}.Debug|Any CPU.ActiveCfg = Debug|Any CPU
		{930D8AB2-0A3F-40AE-B5D2-B7CBED77BB7E}.Debug|Any CPU.Build.0 = Debug|Any CPU
		{930D8AB2-0A3F-40AE-B5D2-B7CBED77BB7E}.Release|Any CPU.ActiveCfg = Release|Any CPU
		{930D8AB2-0A3F-40AE-B5D2-B7CBED77BB7E}.Release|Any CPU.Build.0 = Release|Any CPU
	EndGlobalSection
	GlobalSection(SolutionProperties) = preSolution
		HideSolutionNode = FALSE
	EndGlobalSection
	GlobalSection(ExtensibilityGlobals) = postSolution
		SolutionGuid = {C39C540C-9387-4B0B-9F1B-A87B77DF72FC}
	EndGlobalSection
EndGlobal
